
Microsoft Visual Studio Solution File, Format Version 12.00
Project("{FAE04EC0-301F-11D3-BF4B-00C04F79EFBC}") = "Test.DiscordApp.gRPC", "Test.DiscordApp.gRPC\Test.DiscordApp.gRPC.csproj", "{D353D322-3BD1-4632-AAED-B0B044BD1548}"
EndProject
Project("{FAE04EC0-301F-11D3-BF4B-00C04F79EFBC}") = "Test.DiscordApp.Domain", "Test.DiscordApp.Domain\Test.DiscordApp.Domain.csproj", "{2A8F48EE-4917-4F78-9B12-81BC19E7FB25}"
EndProject
Project("{FAE04EC0-301F-11D3-BF4B-00C04F79EFBC}") = "Test.DiscordApp.Infrastructure", "Test.DiscordApp.Infrastructure\Test.DiscordApp.Infrastructure.csproj", "{3F70C331-EC16-441D-B778-D206BA7F628F}"
EndProject
Project("{FAE04EC0-301F-11D3-BF4B-00C04F79EFBC}") = "Test.DiscordApp.Test", "Test.DiscordApp.Test\Test.DiscordApp.Test.csproj", "{FC8FCE8F-6C1C-489A-8E6D-DD5BE5518D8A}"
EndProject
Project("{2150E333-8FDC-42A3-9474-1A3956D46DE8}") = "src", "src", "{F99A40F1-4843-4313-9C74-1631A2AADFB0}"
EndProject
Project("{2150E333-8FDC-42A3-9474-1A3956D46DE8}") = "Core", "Core", "{471E554C-6874-46DE-84C9-D8CF732A190E}"
EndProject
Project("{2150E333-8FDC-42A3-9474-1A3956D46DE8}") = "Infrastructure", "Infrastructure", "{8424E9A5-1DF0-4812-867C-581B29DFD038}"
EndProject
Project("{2150E333-8FDC-42A3-9474-1A3956D46DE8}") = "Presentation", "Presentation", "{24F5E1A2-7D2A-4BED-8AAF-A64DB982B016}"
EndProject
Project("{2150E333-8FDC-42A3-9474-1A3956D46DE8}") = "Shared", "Shared", "{987A1CC6-C799-4B06-AC32-AB7E0DAFB166}"
EndProject
Project("{2150E333-8FDC-42A3-9474-1A3956D46DE8}") = "tests", "tests", "{12B2B9A3-47D5-4037-BFF2-CF503C286488}"
EndProject
Project("{FAE04EC0-301F-11D3-BF4B-00C04F79EFBC}") = "Shared.Utility", "Shared.Utility\Shared.Utility.csproj", "{C51E2E10-DB76-4314-892B-11C9579748FE}"
EndProject
Project("{FAE04EC0-301F-11D3-BF4B-00C04F79EFBC}") = "Test.DiscordApp.Application", "Test.DiscordApp.Application\Test.DiscordApp.Application.csproj", "{6AD0334D-CDEB-4C81-89FE-0D88B2B73F49}"
EndProject
Global
	GlobalSection(SolutionConfigurationPlatforms) = preSolution
		Debug|Any CPU = Debug|Any CPU
		Release|Any CPU = Release|Any CPU
	EndGlobalSection
	GlobalSection(ProjectConfigurationPlatforms) = postSolution
		{D353D322-3BD1-4632-AAED-B0B044BD1548}.Debug|Any CPU.ActiveCfg = Debug|Any CPU
		{D353D322-3BD1-4632-AAED-B0B044BD1548}.Debug|Any CPU.Build.0 = Debug|Any CPU
		{D353D322-3BD1-4632-AAED-B0B044BD1548}.Release|Any CPU.ActiveCfg = Release|Any CPU
		{D353D322-3BD1-4632-AAED-B0B044BD1548}.Release|Any CPU.Build.0 = Release|Any CPU
		{2A8F48EE-4917-4F78-9B12-81BC19E7FB25}.Debug|Any CPU.ActiveCfg = Debug|Any CPU
		{2A8F48EE-4917-4F78-9B12-81BC19E7FB25}.Debug|Any CPU.Build.0 = Debug|Any CPU
		{2A8F48EE-4917-4F78-9B12-81BC19E7FB25}.Release|Any CPU.ActiveCfg = Release|Any CPU
		{2A8F48EE-4917-4F78-9B12-81BC19E7FB25}.Release|Any CPU.Build.0 = Release|Any CPU
		{3F70C331-EC16-441D-B778-D206BA7F628F}.Debug|Any CPU.ActiveCfg = Debug|Any CPU
		{3F70C331-EC16-441D-B778-D206BA7F628F}.Debug|Any CPU.Build.0 = Debug|Any CPU
		{3F70C331-EC16-441D-B778-D206BA7F628F}.Release|Any CPU.ActiveCfg = Release|Any CPU
		{3F70C331-EC16-441D-B778-D206BA7F628F}.Release|Any CPU.Build.0 = Release|Any CPU
		{FC8FCE8F-6C1C-489A-8E6D-DD5BE5518D8A}.Debug|Any CPU.ActiveCfg = Debug|Any CPU
		{FC8FCE8F-6C1C-489A-8E6D-DD5BE5518D8A}.Debug|Any CPU.Build.0 = Debug|Any CPU
		{FC8FCE8F-6C1C-489A-8E6D-DD5BE5518D8A}.Release|Any CPU.ActiveCfg = Release|Any CPU
		{FC8FCE8F-6C1C-489A-8E6D-DD5BE5518D8A}.Release|Any CPU.Build.0 = Release|Any CPU
		{C51E2E10-DB76-4314-892B-11C9579748FE}.Debug|Any CPU.ActiveCfg = Debug|Any CPU
		{C51E2E10-DB76-4314-892B-11C9579748FE}.Debug|Any CPU.Build.0 = Debug|Any CPU
		{C51E2E10-DB76-4314-892B-11C9579748FE}.Release|Any CPU.ActiveCfg = Release|Any CPU
		{C51E2E10-DB76-4314-892B-11C9579748FE}.Release|Any CPU.Build.0 = Release|Any CPU
		{6AD0334D-CDEB-4C81-89FE-0D88B2B73F49}.Debug|Any CPU.ActiveCfg = Debug|Any CPU
		{6AD0334D-CDEB-4C81-89FE-0D88B2B73F49}.Debug|Any CPU.Build.0 = Debug|Any CPU
		{6AD0334D-CDEB-4C81-89FE-0D88B2B73F49}.Release|Any CPU.ActiveCfg = Release|Any CPU
		{6AD0334D-CDEB-4C81-89FE-0D88B2B73F49}.Release|Any CPU.Build.0 = Release|Any CPU
	EndGlobalSection
	GlobalSection(NestedProjects) = preSolution
		{471E554C-6874-46DE-84C9-D8CF732A190E} = {F99A40F1-4843-4313-9C74-1631A2AADFB0}
		{8424E9A5-1DF0-4812-867C-581B29DFD038} = {F99A40F1-4843-4313-9C74-1631A2AADFB0}
		{24F5E1A2-7D2A-4BED-8AAF-A64DB982B016} = {F99A40F1-4843-4313-9C74-1631A2AADFB0}
		{987A1CC6-C799-4B06-AC32-AB7E0DAFB166} = {F99A40F1-4843-4313-9C74-1631A2AADFB0}
		{D353D322-3BD1-4632-AAED-B0B044BD1548} = {24F5E1A2-7D2A-4BED-8AAF-A64DB982B016}
		{2A8F48EE-4917-4F78-9B12-81BC19E7FB25} = {471E554C-6874-46DE-84C9-D8CF732A190E}
		{3F70C331-EC16-441D-B778-D206BA7F628F} = {8424E9A5-1DF0-4812-867C-581B29DFD038}
		{FC8FCE8F-6C1C-489A-8E6D-DD5BE5518D8A} = {12B2B9A3-47D5-4037-BFF2-CF503C286488}
		{C51E2E10-DB76-4314-892B-11C9579748FE} = {987A1CC6-C799-4B06-AC32-AB7E0DAFB166}
		{6AD0334D-CDEB-4C81-89FE-0D88B2B73F49} = {471E554C-6874-46DE-84C9-D8CF732A190E}
	EndGlobalSection
EndGlobal
